
Microsoft Visual Studio Solution File, Format Version 12.00
# Visual Studio Version 17
VisualStudioVersion = 17.4.33122.133
MinimumVisualStudioVersion = 10.0.40219.1
Project("{9A19103F-16F7-4668-BE54-9A1E7A4F7556}") = "CvApi", "CvApi.csproj", "{FB709BEC-84DC-4CD0-ABAB-59BE32D54F70}"
EndProject
Project("{E53339B2-1760-4266-BCC7-CA923CBCF16C}") = "docker-compose", "docker-compose.dcproj", "{4059970D-B026-422D-8B97-9318D9228ED9}"
EndProject
Global
	GlobalSection(SolutionConfigurationPlatforms) = preSolution
		Debug|Any CPU = Debug|Any CPU
		Release|Any CPU = Release|Any CPU
	EndGlobalSection
	GlobalSection(ProjectConfigurationPlatforms) = postSolution
		{FB709BEC-84DC-4CD0-ABAB-59BE32D54F70}.Debug|Any CPU.ActiveCfg = Debug|Any CPU
		{FB709BEC-84DC-4CD0-ABAB-59BE32D54F70}.Debug|Any CPU.Build.0 = Debug|Any CPU
		{FB709BEC-84DC-4CD0-ABAB-59BE32D54F70}.Release|Any CPU.ActiveCfg = Release|Any CPU
		{FB709BEC-84DC-4CD0-ABAB-59BE32D54F70}.Release|Any CPU.Build.0 = Release|Any CPU
		{4059970D-B026-422D-8B97-9318D9228ED9}.Debug|Any CPU.ActiveCfg = Debug|Any CPU
		{4059970D-B026-422D-8B97-9318D9228ED9}.Debug|Any CPU.Build.0 = Debug|Any CPU
		{4059970D-B026-422D-8B97-9318D9228ED9}.Release|Any CPU.ActiveCfg = Release|Any CPU
		{4059970D-B026-422D-8B97-9318D9228ED9}.Release|Any CPU.Build.0 = Release|Any CPU
	EndGlobalSection
	GlobalSection(SolutionProperties) = preSolution
		HideSolutionNode = FALSE
	EndGlobalSection
	GlobalSection(ExtensibilityGlobals) = postSolution
		SolutionGuid = {012A6727-08B6-4481-A303-038A6C7E4034}
	EndGlobalSection
EndGlobal
